{
  "name": "symmetrical-spoon",
  "version": "0.2.22",
  "lockfileVersion": 1,
  "requires": true,
  "dependencies": {
    "is-lts": {
      "version": "1.0.1",
      "resolved": "https://registry.npmjs.org/is-lts/-/is-lts-1.0.1.tgz",
      "integrity": "sha1-ZIty+CG7xe+pSCzUzVetIp3sz3M="
    }
  }
}
